
Microsoft Visual Studio Solution File, Format Version 12.00
# Visual Studio Version 16
VisualStudioVersion = 16.0.30804.86
MinimumVisualStudioVersion = 10.0.40219.1
Project("{FAE04EC0-301F-11D3-BF4B-00C04F79EFBC}") = "Pribysh_TestTask", "Pribysh_TestTask\Pribysh_TestTask.csproj", "{B8C04B15-0BB8-47BB-946E-ADF4A31E909D}"
EndProject
Global
	GlobalSection(SolutionConfigurationPlatforms) = preSolution
		Debug|Any CPU = Debug|Any CPU
		Release|Any CPU = Release|Any CPU
	EndGlobalSection
	GlobalSection(ProjectConfigurationPlatforms) = postSolution
		{B8C04B15-0BB8-47BB-946E-ADF4A31E909D}.Debug|Any CPU.ActiveCfg = Debug|Any CPU
		{B8C04B15-0BB8-47BB-946E-ADF4A31E909D}.Debug|Any CPU.Build.0 = Debug|Any CPU
		{B8C04B15-0BB8-47BB-946E-ADF4A31E909D}.Release|Any CPU.ActiveCfg = Release|Any CPU
		{B8C04B15-0BB8-47BB-946E-ADF4A31E909D}.Release|Any CPU.Build.0 = Release|Any CPU
	EndGlobalSection
	GlobalSection(SolutionProperties) = preSolution
		HideSolutionNode = FALSE
	EndGlobalSection
	GlobalSection(ExtensibilityGlobals) = postSolution
		SolutionGuid = {05EF0B78-85CF-47B3-81E7-8656430F8280}
	EndGlobalSection
EndGlobal
